
Microsoft Visual Studio Solution File, Format Version 12.00
# Visual Studio Version 17
VisualStudioVersion = 17.3.32901.215
MinimumVisualStudioVersion = 10.0.40219.1
Project("{8BC9CEB8-8B4A-11D0-8D11-00A0C91BC942}") = "devetiii", "devetiii\devetiii.vcxproj", "{835899A5-167A-4ADF-A78F-275F390C37E0}"
EndProject
Global
	GlobalSection(SolutionConfigurationPlatforms) = preSolution
		Debug|x64 = Debug|x64
		Debug|x86 = Debug|x86
		Release|x64 = Release|x64
		Release|x86 = Release|x86
	EndGlobalSection
	GlobalSection(ProjectConfigurationPlatforms) = postSolution
		{835899A5-167A-4ADF-A78F-275F390C37E0}.Debug|x64.ActiveCfg = Debug|x64
		{835899A5-167A-4ADF-A78F-275F390C37E0}.Debug|x64.Build.0 = Debug|x64
		{835899A5-167A-4ADF-A78F-275F390C37E0}.Debug|x86.ActiveCfg = Debug|Win32
		{835899A5-167A-4ADF-A78F-275F390C37E0}.Debug|x86.Build.0 = Debug|Win32
		{835899A5-167A-4ADF-A78F-275F390C37E0}.Release|x64.ActiveCfg = Release|x64
		{835899A5-167A-4ADF-A78F-275F390C37E0}.Release|x64.Build.0 = Release|x64
		{835899A5-167A-4ADF-A78F-275F390C37E0}.Release|x86.ActiveCfg = Release|Win32
		{835899A5-167A-4ADF-A78F-275F390C37E0}.Release|x86.Build.0 = Release|Win32
	EndGlobalSection
	GlobalSection(SolutionProperties) = preSolution
		HideSolutionNode = FALSE
	EndGlobalSection
	GlobalSection(ExtensibilityGlobals) = postSolution
		SolutionGuid = {97C95A45-30F4-47B6-99CE-B5A4139B607C}
	EndGlobalSection
EndGlobal
